{
  "version": "3",
  "packages": {
    "specifiers": {
      "npm:@catppuccin/palette@1.1.0": "npm:@catppuccin/palette@1.1.0",
      "npm:@catppuccin/vscode@3.12.0": "npm:@catppuccin/vscode@3.12.0",
      "npm:plist@3.1.0": "npm:plist@3.1.0"
    },
    "npm": {
      "@catppuccin/palette@1.1.0": {
        "integrity": "sha512-ef3q3/MfdKc2EmUWiLrBrBKLFMGbukC1mzJh+QPINP7ovmUQycImSRjf/LMD4ti9lcu9NrYv4++zeoO2Z5lPxQ==",
        "dependencies": {}
      },
      "@catppuccin/vscode@3.12.0": {
        "integrity": "sha512-fsKQiQyh8XFzh2+adIlYR0kENoKIXR6W+eGAAs+GubLcLbBNmJwdWdip4wvoWU1qSR41mbrpkyczHKTlwUwNoQ==",
        "dependencies": {
          "@catppuccin/palette": "@catppuccin/palette@1.1.0"
        }
      },
      "@xmldom/xmldom@0.8.10": {
        "integrity": "sha512-2WALfTl4xo2SkGCYRt6rDTFfk9R1czmBvUQy12gK2KuRKIpWEhcbbzy8EZXtz/jkRqHX8bFEc6FC1HjX4TUWYw==",
        "dependencies": {}
      },
      "base64-js@1.5.1": {
        "integrity": "sha512-AKpaYlHn8t4SVbOHCy+b5+KKgvR4vrsD8vbvrbiQJps7fKDTkjkDry6ji0rUJjC0kzbNePLwzxq8iypo41qeWA==",
        "dependencies": {}
      },
      "plist@3.1.0": {
        "integrity": "sha512-uysumyrvkUX0rX/dEVqt8gC3sTBzd4zoWfLeS29nb53imdaXVvLINYXTI2GNqzaMuvacNx4uJQ8+b3zXR0pkgQ==",
        "dependencies": {
          "@xmldom/xmldom": "@xmldom/xmldom@0.8.10",
          "base64-js": "base64-js@1.5.1",
          "xmlbuilder": "xmlbuilder@15.1.1"
        }
      },
      "xmlbuilder@15.1.1": {
        "integrity": "sha512-yMqGBqtXyeN1e3TGYvgNgDVZ3j84W4cwkOXQswghol6APgZWaff9lnbvN7MHYJOiXsvGPXtjTYJEiC9J2wv9Eg==",
        "dependencies": {}
      }
    }
  },
  "remote": {
    "https://deno.land/std@0.219.1/assert/assert.ts": "bec068b2fccdd434c138a555b19a2c2393b71dfaada02b7d568a01541e67cdc5",
    "https://deno.land/std@0.219.1/assert/assertion_error.ts": "9f689a101ee586c4ce92f52fa7ddd362e86434ffdf1f848e45987dc7689976b8",
    "https://deno.land/std@0.219.1/cli/parse_args.ts": "475b3edc8105c9acea09b83b100afc383d7bddbba9828da3f0c4adced006607a",
    "https://deno.land/std@0.219.1/path/_common/assert_path.ts": "dbdd757a465b690b2cc72fc5fb7698c51507dec6bfafce4ca500c46b76ff7bd8",
    "https://deno.land/std@0.219.1/path/_common/constants.ts": "dc5f8057159f4b48cd304eb3027e42f1148cf4df1fb4240774d3492b5d12ac0c",
    "https://deno.land/std@0.219.1/path/_common/normalize.ts": "684df4aa71a04bbcc346c692c8485594fc8a90b9408dfbc26ff32cf3e0c98cc8",
    "https://deno.land/std@0.219.1/path/_common/normalize_string.ts": "dfdf657a1b1a7db7999f7c575ee7e6b0551d9c20f19486c6c3f5ff428384c965",
    "https://deno.land/std@0.219.1/path/_os.ts": "8fb9b90fb6b753bd8c77cfd8a33c2ff6c5f5bc185f50de8ca4ac6a05710b2c15",
    "https://deno.land/std@0.219.1/path/join.ts": "ae2ec5ca44c7e84a235fd532e4a0116bfb1f2368b394db1c4fb75e3c0f26a33a",
    "https://deno.land/std@0.219.1/path/posix/_util.ts": "1e3937da30f080bfc99fe45d7ed23c47dd8585c5e473b2d771380d3a6937cf9d",
    "https://deno.land/std@0.219.1/path/posix/join.ts": "744fadcbee7047688696455c7cbb368a9625ffde67fc3058a61c98948fcd04de",
    "https://deno.land/std@0.219.1/path/posix/normalize.ts": "baeb49816a8299f90a0237d214cef46f00ba3e95c0d2ceb74205a6a584b58a91",
    "https://deno.land/std@0.219.1/path/windows/_util.ts": "d5f47363e5293fced22c984550d5e70e98e266cc3f31769e1710511803d04808",
    "https://deno.land/std@0.219.1/path/windows/join.ts": "8d03530ab89195185103b7da9dfc6327af13eabdcd44c7c63e42e27808f50ecf",
    "https://deno.land/std@0.219.1/path/windows/normalize.ts": "78126170ab917f0ca355a9af9e65ad6bfa5be14d574c5fb09bb1920f52577780"
  }
}
